
Microsoft Visual Studio Solution File, Format Version 12.00
# Visual Studio Version 16
VisualStudioVersion = 16.0.30503.244
MinimumVisualStudioVersion = 10.0.40219.1
Project("{FAE04EC0-301F-11D3-BF4B-00C04F79EFBC}") = "Stack", "Stack\Stack.csproj", "{A5B724CF-FD70-4DD8-AA76-07F3F21D87E1}"
EndProject
Project("{FAE04EC0-301F-11D3-BF4B-00C04F79EFBC}") = "StackTest", "StackTest\StackTest.csproj", "{696CD156-ECA1-4FDB-927C-C7B7B0826EEA}"
EndProject
Global
	GlobalSection(SolutionConfigurationPlatforms) = preSolution
		Debug|Any CPU = Debug|Any CPU
		Release|Any CPU = Release|Any CPU
	EndGlobalSection
	GlobalSection(ProjectConfigurationPlatforms) = postSolution
		{A5B724CF-FD70-4DD8-AA76-07F3F21D87E1}.Debug|Any CPU.ActiveCfg = Debug|Any CPU
		{A5B724CF-FD70-4DD8-AA76-07F3F21D87E1}.Debug|Any CPU.Build.0 = Debug|Any CPU
		{A5B724CF-FD70-4DD8-AA76-07F3F21D87E1}.Release|Any CPU.ActiveCfg = Release|Any CPU
		{A5B724CF-FD70-4DD8-AA76-07F3F21D87E1}.Release|Any CPU.Build.0 = Release|Any CPU
		{696CD156-ECA1-4FDB-927C-C7B7B0826EEA}.Debug|Any CPU.ActiveCfg = Debug|Any CPU
		{696CD156-ECA1-4FDB-927C-C7B7B0826EEA}.Debug|Any CPU.Build.0 = Debug|Any CPU
		{696CD156-ECA1-4FDB-927C-C7B7B0826EEA}.Release|Any CPU.ActiveCfg = Release|Any CPU
		{696CD156-ECA1-4FDB-927C-C7B7B0826EEA}.Release|Any CPU.Build.0 = Release|Any CPU
	EndGlobalSection
	GlobalSection(SolutionProperties) = preSolution
		HideSolutionNode = FALSE
	EndGlobalSection
	GlobalSection(ExtensibilityGlobals) = postSolution
		SolutionGuid = {77C03D37-3F59-4350-ADC6-2D7292E28C21}
	EndGlobalSection
EndGlobal
